
Microsoft Visual Studio Solution File, Format Version 12.00
# Visual Studio 15
VisualStudioVersion = 15.0.26430.14
MinimumVisualStudioVersion = 10.0.40219.1
Project("{FAE04EC0-301F-11D3-BF4B-00C04F79EFBC}") = "Spatial", "src\Spatial\Spatial.csproj", "{B5449647-05E6-4288-B093-C9229A2F1177}"
EndProject
Project("{FAE04EC0-301F-11D3-BF4B-00C04F79EFBC}") = "Spatial.Tests", "tests\Spatial.Tests\Spatial.Tests.csproj", "{9C2617AE-77C2-4360-A18D-C1C5D4006413}"
EndProject
Global
	GlobalSection(SolutionConfigurationPlatforms) = preSolution
		Debug|Any CPU = Debug|Any CPU
		Release|Any CPU = Release|Any CPU
	EndGlobalSection
	GlobalSection(ProjectConfigurationPlatforms) = postSolution
		{B5449647-05E6-4288-B093-C9229A2F1177}.Debug|Any CPU.ActiveCfg = Debug|Any CPU
		{B5449647-05E6-4288-B093-C9229A2F1177}.Debug|Any CPU.Build.0 = Debug|Any CPU
		{B5449647-05E6-4288-B093-C9229A2F1177}.Release|Any CPU.ActiveCfg = Release|Any CPU
		{B5449647-05E6-4288-B093-C9229A2F1177}.Release|Any CPU.Build.0 = Release|Any CPU
		{9C2617AE-77C2-4360-A18D-C1C5D4006413}.Debug|Any CPU.ActiveCfg = Debug|Any CPU
		{9C2617AE-77C2-4360-A18D-C1C5D4006413}.Debug|Any CPU.Build.0 = Debug|Any CPU
		{9C2617AE-77C2-4360-A18D-C1C5D4006413}.Release|Any CPU.ActiveCfg = Release|Any CPU
		{9C2617AE-77C2-4360-A18D-C1C5D4006413}.Release|Any CPU.Build.0 = Release|Any CPU
	EndGlobalSection
	GlobalSection(SolutionProperties) = preSolution
		HideSolutionNode = FALSE
	EndGlobalSection
EndGlobal
