
Microsoft Visual Studio Solution File, Format Version 12.00
# Visual Studio Version 16
VisualStudioVersion = 16.0.30717.126
MinimumVisualStudioVersion = 10.0.40219.1
Project("{2150E333-8FDC-42A3-9474-1A3956D46DE8}") = "build", "build", "{0DAD160B-1588-4009-99BB-4D2901DEF12F}"
	ProjectSection(SolutionItems) = preProject
		.editorconfig = .editorconfig
		appveyor.yml = appveyor.yml
		coverlet.runsettings = coverlet.runsettings
		global.json = global.json
		ReadMe.md = ReadMe.md
	EndProjectSection
EndProject
Project("{2150E333-8FDC-42A3-9474-1A3956D46DE8}") = "src", "src", "{90F9D08F-C804-4934-8E8F-80FC0D6C7B65}"
EndProject
Project("{2150E333-8FDC-42A3-9474-1A3956D46DE8}") = "tests", "tests", "{E740F76A-58CF-4553-BA5F-EABA7B038FD1}"
EndProject
Project("{9A19103F-16F7-4668-BE54-9A1E7A4F7556}") = "WorldDomination.Spatial", "src\WorldDomination.Spatial\WorldDomination.Spatial.csproj", "{DC7A4CAD-8247-45D2-87F8-7F8E086BD072}"
EndProject
Project("{9A19103F-16F7-4668-BE54-9A1E7A4F7556}") = "WorldDomination.Spatial.Tests", "tests\WorldDomination.Spatial.Tests\WorldDomination.Spatial.Tests.csproj", "{9701117E-AED8-4457-8A22-96C58648ADFA}"
EndProject
Global
	GlobalSection(SolutionConfigurationPlatforms) = preSolution
		Debug|Any CPU = Debug|Any CPU
		Release|Any CPU = Release|Any CPU
	EndGlobalSection
	GlobalSection(ProjectConfigurationPlatforms) = postSolution
		{DC7A4CAD-8247-45D2-87F8-7F8E086BD072}.Debug|Any CPU.ActiveCfg = Debug|Any CPU
		{DC7A4CAD-8247-45D2-87F8-7F8E086BD072}.Debug|Any CPU.Build.0 = Debug|Any CPU
		{DC7A4CAD-8247-45D2-87F8-7F8E086BD072}.Release|Any CPU.ActiveCfg = Release|Any CPU
		{DC7A4CAD-8247-45D2-87F8-7F8E086BD072}.Release|Any CPU.Build.0 = Release|Any CPU
		{9701117E-AED8-4457-8A22-96C58648ADFA}.Debug|Any CPU.ActiveCfg = Debug|Any CPU
		{9701117E-AED8-4457-8A22-96C58648ADFA}.Debug|Any CPU.Build.0 = Debug|Any CPU
		{9701117E-AED8-4457-8A22-96C58648ADFA}.Release|Any CPU.ActiveCfg = Release|Any CPU
		{9701117E-AED8-4457-8A22-96C58648ADFA}.Release|Any CPU.Build.0 = Release|Any CPU
	EndGlobalSection
	GlobalSection(SolutionProperties) = preSolution
		HideSolutionNode = FALSE
	EndGlobalSection
	GlobalSection(NestedProjects) = preSolution
		{DC7A4CAD-8247-45D2-87F8-7F8E086BD072} = {90F9D08F-C804-4934-8E8F-80FC0D6C7B65}
		{9701117E-AED8-4457-8A22-96C58648ADFA} = {E740F76A-58CF-4553-BA5F-EABA7B038FD1}
	EndGlobalSection
	GlobalSection(ExtensibilityGlobals) = postSolution
		SolutionGuid = {890D3DAD-F38A-4FB3-A0D0-C2AAD811EFA8}
	EndGlobalSection
EndGlobal
